
Microsoft Visual Studio Solution File, Format Version 12.00
# Visual Studio 2013
VisualStudioVersion = 12.0.30110.0
MinimumVisualStudioVersion = 10.0.40219.1
Project("{FAE04EC0-301F-11D3-BF4B-00C04F79EFBC}") = "CupCake.Core", "CupCake.Core\CupCake.Core.csproj", "{598D616C-4886-482B-AF57-7BC7DAA56CCE}"
EndProject
Project("{FAE04EC0-301F-11D3-BF4B-00C04F79EFBC}") = "CupCake.EE", "CupCake.EE\CupCake.EE.csproj", "{1934F8DD-1D6A-4CEB-AF92-600C44D4E849}"
EndProject
Project("{FAE04EC0-301F-11D3-BF4B-00C04F79EFBC}") = "CupCake.API", "CupCake.API\CupCake.API.csproj", "{CF660140-CC8D-40A0-8A0A-9D58540DEC9B}"
EndProject
Project("{2150E333-8FDC-42A3-9474-1A3956D46DE8}") = "Components", "Components", "{FFE107C6-9B1F-4F61-870E-FBBA826D0161}"
EndProject
Project("{FAE04EC0-301F-11D3-BF4B-00C04F79EFBC}") = "CupCake", "CupCake\CupCake.csproj", "{BE55BBC5-DCDA-4AC8-920F-B6F414187E95}"
EndProject
Project("{FAE04EC0-301F-11D3-BF4B-00C04F79EFBC}") = "CupCake.Chat", "CupCake.Chat\CupCake.Chat.csproj", "{7F69972F-C813-4850-887E-BC5029BAF542}"
EndProject
Project("{FAE04EC0-301F-11D3-BF4B-00C04F79EFBC}") = "CupCake.Players", "CupCake.Players\CupCake.Players.csproj", "{D9DF7C76-4DE4-4270-BCA6-CBA724E639AE}"
EndProject
Project("{FAE04EC0-301F-11D3-BF4B-00C04F79EFBC}") = "CupCake.World", "CupCake.World\CupCake.World.csproj", "{A5791BDD-9B10-4597-8605-083ED4365D31}"
EndProject
Project("{FAE04EC0-301F-11D3-BF4B-00C04F79EFBC}") = "CupCake.Ranks", "CupCake.Ranks\CupCake.Ranks.csproj", "{80D52DA1-FBEB-42E6-B46F-2172114D1B9D}"
EndProject
Global
	GlobalSection(SolutionConfigurationPlatforms) = preSolution
		Debug|Any CPU = Debug|Any CPU
		Release|Any CPU = Release|Any CPU
	EndGlobalSection
	GlobalSection(ProjectConfigurationPlatforms) = postSolution
		{598D616C-4886-482B-AF57-7BC7DAA56CCE}.Debug|Any CPU.ActiveCfg = Debug|Any CPU
		{598D616C-4886-482B-AF57-7BC7DAA56CCE}.Debug|Any CPU.Build.0 = Debug|Any CPU
		{598D616C-4886-482B-AF57-7BC7DAA56CCE}.Release|Any CPU.ActiveCfg = Release|Any CPU
		{598D616C-4886-482B-AF57-7BC7DAA56CCE}.Release|Any CPU.Build.0 = Release|Any CPU
		{1934F8DD-1D6A-4CEB-AF92-600C44D4E849}.Debug|Any CPU.ActiveCfg = Debug|Any CPU
		{1934F8DD-1D6A-4CEB-AF92-600C44D4E849}.Debug|Any CPU.Build.0 = Debug|Any CPU
		{1934F8DD-1D6A-4CEB-AF92-600C44D4E849}.Release|Any CPU.ActiveCfg = Release|Any CPU
		{1934F8DD-1D6A-4CEB-AF92-600C44D4E849}.Release|Any CPU.Build.0 = Release|Any CPU
		{CF660140-CC8D-40A0-8A0A-9D58540DEC9B}.Debug|Any CPU.ActiveCfg = Debug|Any CPU
		{CF660140-CC8D-40A0-8A0A-9D58540DEC9B}.Debug|Any CPU.Build.0 = Debug|Any CPU
		{CF660140-CC8D-40A0-8A0A-9D58540DEC9B}.Release|Any CPU.ActiveCfg = Release|Any CPU
		{CF660140-CC8D-40A0-8A0A-9D58540DEC9B}.Release|Any CPU.Build.0 = Release|Any CPU
		{BE55BBC5-DCDA-4AC8-920F-B6F414187E95}.Debug|Any CPU.ActiveCfg = Debug|Any CPU
		{BE55BBC5-DCDA-4AC8-920F-B6F414187E95}.Debug|Any CPU.Build.0 = Debug|Any CPU
		{BE55BBC5-DCDA-4AC8-920F-B6F414187E95}.Release|Any CPU.ActiveCfg = Release|Any CPU
		{BE55BBC5-DCDA-4AC8-920F-B6F414187E95}.Release|Any CPU.Build.0 = Release|Any CPU
		{7F69972F-C813-4850-887E-BC5029BAF542}.Debug|Any CPU.ActiveCfg = Debug|Any CPU
		{7F69972F-C813-4850-887E-BC5029BAF542}.Debug|Any CPU.Build.0 = Debug|Any CPU
		{7F69972F-C813-4850-887E-BC5029BAF542}.Release|Any CPU.ActiveCfg = Release|Any CPU
		{7F69972F-C813-4850-887E-BC5029BAF542}.Release|Any CPU.Build.0 = Release|Any CPU
		{D9DF7C76-4DE4-4270-BCA6-CBA724E639AE}.Debug|Any CPU.ActiveCfg = Debug|Any CPU
		{D9DF7C76-4DE4-4270-BCA6-CBA724E639AE}.Debug|Any CPU.Build.0 = Debug|Any CPU
		{D9DF7C76-4DE4-4270-BCA6-CBA724E639AE}.Release|Any CPU.ActiveCfg = Release|Any CPU
		{D9DF7C76-4DE4-4270-BCA6-CBA724E639AE}.Release|Any CPU.Build.0 = Release|Any CPU
		{A5791BDD-9B10-4597-8605-083ED4365D31}.Debug|Any CPU.ActiveCfg = Debug|Any CPU
		{A5791BDD-9B10-4597-8605-083ED4365D31}.Debug|Any CPU.Build.0 = Debug|Any CPU
		{A5791BDD-9B10-4597-8605-083ED4365D31}.Release|Any CPU.ActiveCfg = Release|Any CPU
		{A5791BDD-9B10-4597-8605-083ED4365D31}.Release|Any CPU.Build.0 = Release|Any CPU
		{80D52DA1-FBEB-42E6-B46F-2172114D1B9D}.Debug|Any CPU.ActiveCfg = Debug|Any CPU
		{80D52DA1-FBEB-42E6-B46F-2172114D1B9D}.Debug|Any CPU.Build.0 = Debug|Any CPU
		{80D52DA1-FBEB-42E6-B46F-2172114D1B9D}.Release|Any CPU.ActiveCfg = Release|Any CPU
		{80D52DA1-FBEB-42E6-B46F-2172114D1B9D}.Release|Any CPU.Build.0 = Release|Any CPU
	EndGlobalSection
	GlobalSection(SolutionProperties) = preSolution
		HideSolutionNode = FALSE
	EndGlobalSection
	GlobalSection(NestedProjects) = preSolution
		{7F69972F-C813-4850-887E-BC5029BAF542} = {FFE107C6-9B1F-4F61-870E-FBBA826D0161}
		{D9DF7C76-4DE4-4270-BCA6-CBA724E639AE} = {FFE107C6-9B1F-4F61-870E-FBBA826D0161}
		{A5791BDD-9B10-4597-8605-083ED4365D31} = {FFE107C6-9B1F-4F61-870E-FBBA826D0161}
		{80D52DA1-FBEB-42E6-B46F-2172114D1B9D} = {FFE107C6-9B1F-4F61-870E-FBBA826D0161}
	EndGlobalSection
EndGlobal
