
Microsoft Visual Studio Solution File, Format Version 12.00
# Visual Studio 2013
VisualStudioVersion = 12.0.21005.1
MinimumVisualStudioVersion = 10.0.40219.1
Project("{FAE04EC0-301F-11D3-BF4B-00C04F79EFBC}") = "CupCake.Core", "CupCake.Core\CupCake.Core.csproj", "{598D616C-4886-482B-AF57-7BC7DAA56CCE}"
EndProject
Project("{2150E333-8FDC-42A3-9474-1A3956D46DE8}") = "Components", "Components", "{FFE107C6-9B1F-4F61-870E-FBBA826D0161}"
EndProject
Project("{FAE04EC0-301F-11D3-BF4B-00C04F79EFBC}") = "CupCake.Chat", "CupCake.Chat\CupCake.Chat.csproj", "{7F69972F-C813-4850-887E-BC5029BAF542}"
EndProject
Project("{FAE04EC0-301F-11D3-BF4B-00C04F79EFBC}") = "CupCake.Players", "CupCake.Players\CupCake.Players.csproj", "{D9DF7C76-4DE4-4270-BCA6-CBA724E639AE}"
EndProject
Project("{FAE04EC0-301F-11D3-BF4B-00C04F79EFBC}") = "CupCake.World", "CupCake.World\CupCake.World.csproj", "{A5791BDD-9B10-4597-8605-083ED4365D31}"
EndProject
Project("{FAE04EC0-301F-11D3-BF4B-00C04F79EFBC}") = "CupCake.Permissions", "CupCake.Permissions\CupCake.Permissions.csproj", "{DD7DC89B-6824-4990-8955-D1ADE39EB77C}"
EndProject
Project("{FAE04EC0-301F-11D3-BF4B-00C04F79EFBC}") = "CupCake.Room", "CupCake.Room\CupCake.Room.csproj", "{F040F4FA-1A86-4417-B7A2-0EC04095F886}"
EndProject
Project("{FAE04EC0-301F-11D3-BF4B-00C04F79EFBC}") = "CupCake.Upload", "CupCake.Upload\CupCake.Upload.csproj", "{0D920DD1-8605-4679-9D43-74A15314811B}"
EndProject
Project("{FAE04EC0-301F-11D3-BF4B-00C04F79EFBC}") = "CupCake.Potions", "CupCake.Potions\CupCake.Potions.csproj", "{868D260E-476E-45F3-B439-4C0186CF542A}"
EndProject
Project("{FAE04EC0-301F-11D3-BF4B-00C04F79EFBC}") = "CupCake.Keys", "CupCake.Keys\CupCake.Keys.csproj", "{445870A4-3ECA-4411-9A28-85BEE51F27C6}"
EndProject
Project("{FAE04EC0-301F-11D3-BF4B-00C04F79EFBC}") = "CupCake.Actions", "CupCake.Actions\CupCake.Actions.csproj", "{5B264955-5D1C-4B16-9950-8F1667F8FEF6}"
EndProject
Project("{FAE04EC0-301F-11D3-BF4B-00C04F79EFBC}") = "CupCake.Command", "CupCake.Command\CupCake.Command.csproj", "{3F7AFE9C-D511-43B2-B3CA-4B60A5D6B79D}"
EndProject
Project("{FAE04EC0-301F-11D3-BF4B-00C04F79EFBC}") = "CupCake.Messages", "CupCake.Messages\CupCake.Messages.csproj", "{4746F723-EE77-4434-983C-02D1DD1BD982}"
EndProject
Project("{FAE04EC0-301F-11D3-BF4B-00C04F79EFBC}") = "CupCake", "CupCake\CupCake.csproj", "{7C7BF5B3-DB13-4672-AE6F-2EAD4C2270B6}"
EndProject
Project("{FAE04EC0-301F-11D3-BF4B-00C04F79EFBC}") = "CupCake.Protocol", "CupCake.Protocol\CupCake.Protocol.csproj", "{E68A7DBD-97DB-43EE-9392-52D86822E8E3}"
EndProject
Project("{FAE04EC0-301F-11D3-BF4B-00C04F79EFBC}") = "CupCake.Server", "CupCake.Server\CupCake.Server.csproj", "{C79ED200-C3C6-4721-B372-AE6F73DA34D8}"
EndProject
Project("{FAE04EC0-301F-11D3-BF4B-00C04F79EFBC}") = "CupCake.Client", "CupCake.Client\CupCake.Client.csproj", "{ABA4D993-7BFD-4ACE-9077-4D9815F8EF39}"
	ProjectSection(ProjectDependencies) = postProject
		{E5FC97AF-27CB-44B8-A16A-8A691DD78CCD} = {E5FC97AF-27CB-44B8-A16A-8A691DD78CCD}
	EndProjectSection
EndProject
Project("{FAE04EC0-301F-11D3-BF4B-00C04F79EFBC}") = "CupCake.Debug", "CupCake.Debug\CupCake.Debug.csproj", "{CB9B8FD7-3B68-4D9F-BCFC-8075B6B7C9F6}"
EndProject
Project("{2150E333-8FDC-42A3-9474-1A3956D46DE8}") = ".nuget", ".nuget", "{95A56A37-EB53-4743-A01E-7BEC0758A472}"
	ProjectSection(SolutionItems) = preProject
		.nuget\NuGet.Config = .nuget\NuGet.Config
		.nuget\NuGet.exe = .nuget\NuGet.exe
		.nuget\NuGet.targets = .nuget\NuGet.targets
	EndProjectSection
EndProject
Project("{FAE04EC0-301F-11D3-BF4B-00C04F79EFBC}") = "CupCake.DefaultCommands", "CupCake.DefaultCommands\CupCake.DefaultCommands.csproj", "{E5FC97AF-27CB-44B8-A16A-8A691DD78CCD}"
EndProject
Project("{FAE04EC0-301F-11D3-BF4B-00C04F79EFBC}") = "CupCake.HostAPI", "CupCake.HostAPI\CupCake.HostAPI.csproj", "{CB00B556-E597-4C9B-AF9B-D9C98A378A48}"
EndProject
Project("{FAE04EC0-301F-11D3-BF4B-00C04F79EFBC}") = "CupCake.Tests", "CupCake.Tests\CupCake.Tests.csproj", "{F5A9FC2A-862C-42CD-9453-A83926EA49CA}"
EndProject
Global
	GlobalSection(SolutionConfigurationPlatforms) = preSolution
		Debug|Any CPU = Debug|Any CPU
		Release|Any CPU = Release|Any CPU
	EndGlobalSection
	GlobalSection(ProjectConfigurationPlatforms) = postSolution
		{598D616C-4886-482B-AF57-7BC7DAA56CCE}.Debug|Any CPU.ActiveCfg = Debug|Any CPU
		{598D616C-4886-482B-AF57-7BC7DAA56CCE}.Debug|Any CPU.Build.0 = Debug|Any CPU
		{598D616C-4886-482B-AF57-7BC7DAA56CCE}.Release|Any CPU.ActiveCfg = Release|Any CPU
		{598D616C-4886-482B-AF57-7BC7DAA56CCE}.Release|Any CPU.Build.0 = Release|Any CPU
		{7F69972F-C813-4850-887E-BC5029BAF542}.Debug|Any CPU.ActiveCfg = Debug|Any CPU
		{7F69972F-C813-4850-887E-BC5029BAF542}.Debug|Any CPU.Build.0 = Debug|Any CPU
		{7F69972F-C813-4850-887E-BC5029BAF542}.Release|Any CPU.ActiveCfg = Release|Any CPU
		{7F69972F-C813-4850-887E-BC5029BAF542}.Release|Any CPU.Build.0 = Release|Any CPU
		{D9DF7C76-4DE4-4270-BCA6-CBA724E639AE}.Debug|Any CPU.ActiveCfg = Debug|Any CPU
		{D9DF7C76-4DE4-4270-BCA6-CBA724E639AE}.Debug|Any CPU.Build.0 = Debug|Any CPU
		{D9DF7C76-4DE4-4270-BCA6-CBA724E639AE}.Release|Any CPU.ActiveCfg = Release|Any CPU
		{D9DF7C76-4DE4-4270-BCA6-CBA724E639AE}.Release|Any CPU.Build.0 = Release|Any CPU
		{A5791BDD-9B10-4597-8605-083ED4365D31}.Debug|Any CPU.ActiveCfg = Debug|Any CPU
		{A5791BDD-9B10-4597-8605-083ED4365D31}.Debug|Any CPU.Build.0 = Debug|Any CPU
		{A5791BDD-9B10-4597-8605-083ED4365D31}.Release|Any CPU.ActiveCfg = Release|Any CPU
		{A5791BDD-9B10-4597-8605-083ED4365D31}.Release|Any CPU.Build.0 = Release|Any CPU
		{DD7DC89B-6824-4990-8955-D1ADE39EB77C}.Debug|Any CPU.ActiveCfg = Debug|Any CPU
		{DD7DC89B-6824-4990-8955-D1ADE39EB77C}.Debug|Any CPU.Build.0 = Debug|Any CPU
		{DD7DC89B-6824-4990-8955-D1ADE39EB77C}.Release|Any CPU.ActiveCfg = Release|Any CPU
		{DD7DC89B-6824-4990-8955-D1ADE39EB77C}.Release|Any CPU.Build.0 = Release|Any CPU
		{F040F4FA-1A86-4417-B7A2-0EC04095F886}.Debug|Any CPU.ActiveCfg = Debug|Any CPU
		{F040F4FA-1A86-4417-B7A2-0EC04095F886}.Debug|Any CPU.Build.0 = Debug|Any CPU
		{F040F4FA-1A86-4417-B7A2-0EC04095F886}.Release|Any CPU.ActiveCfg = Release|Any CPU
		{F040F4FA-1A86-4417-B7A2-0EC04095F886}.Release|Any CPU.Build.0 = Release|Any CPU
		{0D920DD1-8605-4679-9D43-74A15314811B}.Debug|Any CPU.ActiveCfg = Debug|Any CPU
		{0D920DD1-8605-4679-9D43-74A15314811B}.Debug|Any CPU.Build.0 = Debug|Any CPU
		{0D920DD1-8605-4679-9D43-74A15314811B}.Release|Any CPU.ActiveCfg = Release|Any CPU
		{0D920DD1-8605-4679-9D43-74A15314811B}.Release|Any CPU.Build.0 = Release|Any CPU
		{868D260E-476E-45F3-B439-4C0186CF542A}.Debug|Any CPU.ActiveCfg = Debug|Any CPU
		{868D260E-476E-45F3-B439-4C0186CF542A}.Debug|Any CPU.Build.0 = Debug|Any CPU
		{868D260E-476E-45F3-B439-4C0186CF542A}.Release|Any CPU.ActiveCfg = Release|Any CPU
		{868D260E-476E-45F3-B439-4C0186CF542A}.Release|Any CPU.Build.0 = Release|Any CPU
		{445870A4-3ECA-4411-9A28-85BEE51F27C6}.Debug|Any CPU.ActiveCfg = Debug|Any CPU
		{445870A4-3ECA-4411-9A28-85BEE51F27C6}.Debug|Any CPU.Build.0 = Debug|Any CPU
		{445870A4-3ECA-4411-9A28-85BEE51F27C6}.Release|Any CPU.ActiveCfg = Release|Any CPU
		{445870A4-3ECA-4411-9A28-85BEE51F27C6}.Release|Any CPU.Build.0 = Release|Any CPU
		{5B264955-5D1C-4B16-9950-8F1667F8FEF6}.Debug|Any CPU.ActiveCfg = Debug|Any CPU
		{5B264955-5D1C-4B16-9950-8F1667F8FEF6}.Debug|Any CPU.Build.0 = Debug|Any CPU
		{5B264955-5D1C-4B16-9950-8F1667F8FEF6}.Release|Any CPU.ActiveCfg = Release|Any CPU
		{5B264955-5D1C-4B16-9950-8F1667F8FEF6}.Release|Any CPU.Build.0 = Release|Any CPU
		{3F7AFE9C-D511-43B2-B3CA-4B60A5D6B79D}.Debug|Any CPU.ActiveCfg = Debug|Any CPU
		{3F7AFE9C-D511-43B2-B3CA-4B60A5D6B79D}.Debug|Any CPU.Build.0 = Debug|Any CPU
		{3F7AFE9C-D511-43B2-B3CA-4B60A5D6B79D}.Release|Any CPU.ActiveCfg = Release|Any CPU
		{3F7AFE9C-D511-43B2-B3CA-4B60A5D6B79D}.Release|Any CPU.Build.0 = Release|Any CPU
		{4746F723-EE77-4434-983C-02D1DD1BD982}.Debug|Any CPU.ActiveCfg = Debug|Any CPU
		{4746F723-EE77-4434-983C-02D1DD1BD982}.Debug|Any CPU.Build.0 = Debug|Any CPU
		{4746F723-EE77-4434-983C-02D1DD1BD982}.Release|Any CPU.ActiveCfg = Release|Any CPU
		{4746F723-EE77-4434-983C-02D1DD1BD982}.Release|Any CPU.Build.0 = Release|Any CPU
		{7C7BF5B3-DB13-4672-AE6F-2EAD4C2270B6}.Debug|Any CPU.ActiveCfg = Debug|Any CPU
		{7C7BF5B3-DB13-4672-AE6F-2EAD4C2270B6}.Debug|Any CPU.Build.0 = Debug|Any CPU
		{7C7BF5B3-DB13-4672-AE6F-2EAD4C2270B6}.Release|Any CPU.ActiveCfg = Release|Any CPU
		{7C7BF5B3-DB13-4672-AE6F-2EAD4C2270B6}.Release|Any CPU.Build.0 = Release|Any CPU
		{E68A7DBD-97DB-43EE-9392-52D86822E8E3}.Debug|Any CPU.ActiveCfg = Debug|Any CPU
		{E68A7DBD-97DB-43EE-9392-52D86822E8E3}.Debug|Any CPU.Build.0 = Debug|Any CPU
		{E68A7DBD-97DB-43EE-9392-52D86822E8E3}.Release|Any CPU.ActiveCfg = Release|Any CPU
		{E68A7DBD-97DB-43EE-9392-52D86822E8E3}.Release|Any CPU.Build.0 = Release|Any CPU
		{C79ED200-C3C6-4721-B372-AE6F73DA34D8}.Debug|Any CPU.ActiveCfg = Debug|Any CPU
		{C79ED200-C3C6-4721-B372-AE6F73DA34D8}.Debug|Any CPU.Build.0 = Debug|Any CPU
		{C79ED200-C3C6-4721-B372-AE6F73DA34D8}.Release|Any CPU.ActiveCfg = Release|Any CPU
		{C79ED200-C3C6-4721-B372-AE6F73DA34D8}.Release|Any CPU.Build.0 = Release|Any CPU
		{ABA4D993-7BFD-4ACE-9077-4D9815F8EF39}.Debug|Any CPU.ActiveCfg = Debug|Any CPU
		{ABA4D993-7BFD-4ACE-9077-4D9815F8EF39}.Debug|Any CPU.Build.0 = Debug|Any CPU
		{ABA4D993-7BFD-4ACE-9077-4D9815F8EF39}.Release|Any CPU.ActiveCfg = Release|Any CPU
		{ABA4D993-7BFD-4ACE-9077-4D9815F8EF39}.Release|Any CPU.Build.0 = Release|Any CPU
		{CB9B8FD7-3B68-4D9F-BCFC-8075B6B7C9F6}.Debug|Any CPU.ActiveCfg = Debug|Any CPU
		{CB9B8FD7-3B68-4D9F-BCFC-8075B6B7C9F6}.Debug|Any CPU.Build.0 = Debug|Any CPU
		{CB9B8FD7-3B68-4D9F-BCFC-8075B6B7C9F6}.Release|Any CPU.ActiveCfg = Release|Any CPU
		{CB9B8FD7-3B68-4D9F-BCFC-8075B6B7C9F6}.Release|Any CPU.Build.0 = Release|Any CPU
		{E5FC97AF-27CB-44B8-A16A-8A691DD78CCD}.Debug|Any CPU.ActiveCfg = Debug|Any CPU
		{E5FC97AF-27CB-44B8-A16A-8A691DD78CCD}.Debug|Any CPU.Build.0 = Debug|Any CPU
		{E5FC97AF-27CB-44B8-A16A-8A691DD78CCD}.Release|Any CPU.ActiveCfg = Release|Any CPU
		{E5FC97AF-27CB-44B8-A16A-8A691DD78CCD}.Release|Any CPU.Build.0 = Release|Any CPU
		{CB00B556-E597-4C9B-AF9B-D9C98A378A48}.Debug|Any CPU.ActiveCfg = Debug|Any CPU
		{CB00B556-E597-4C9B-AF9B-D9C98A378A48}.Debug|Any CPU.Build.0 = Debug|Any CPU
		{CB00B556-E597-4C9B-AF9B-D9C98A378A48}.Release|Any CPU.ActiveCfg = Release|Any CPU
		{CB00B556-E597-4C9B-AF9B-D9C98A378A48}.Release|Any CPU.Build.0 = Release|Any CPU
		{F5A9FC2A-862C-42CD-9453-A83926EA49CA}.Debug|Any CPU.ActiveCfg = Debug|Any CPU
		{F5A9FC2A-862C-42CD-9453-A83926EA49CA}.Debug|Any CPU.Build.0 = Debug|Any CPU
		{F5A9FC2A-862C-42CD-9453-A83926EA49CA}.Release|Any CPU.ActiveCfg = Release|Any CPU
		{F5A9FC2A-862C-42CD-9453-A83926EA49CA}.Release|Any CPU.Build.0 = Release|Any CPU
	EndGlobalSection
	GlobalSection(SolutionProperties) = preSolution
		HideSolutionNode = FALSE
	EndGlobalSection
	GlobalSection(NestedProjects) = preSolution
		{7F69972F-C813-4850-887E-BC5029BAF542} = {FFE107C6-9B1F-4F61-870E-FBBA826D0161}
		{D9DF7C76-4DE4-4270-BCA6-CBA724E639AE} = {FFE107C6-9B1F-4F61-870E-FBBA826D0161}
		{A5791BDD-9B10-4597-8605-083ED4365D31} = {FFE107C6-9B1F-4F61-870E-FBBA826D0161}
		{DD7DC89B-6824-4990-8955-D1ADE39EB77C} = {FFE107C6-9B1F-4F61-870E-FBBA826D0161}
		{F040F4FA-1A86-4417-B7A2-0EC04095F886} = {FFE107C6-9B1F-4F61-870E-FBBA826D0161}
		{0D920DD1-8605-4679-9D43-74A15314811B} = {FFE107C6-9B1F-4F61-870E-FBBA826D0161}
		{868D260E-476E-45F3-B439-4C0186CF542A} = {FFE107C6-9B1F-4F61-870E-FBBA826D0161}
		{445870A4-3ECA-4411-9A28-85BEE51F27C6} = {FFE107C6-9B1F-4F61-870E-FBBA826D0161}
		{5B264955-5D1C-4B16-9950-8F1667F8FEF6} = {FFE107C6-9B1F-4F61-870E-FBBA826D0161}
		{3F7AFE9C-D511-43B2-B3CA-4B60A5D6B79D} = {FFE107C6-9B1F-4F61-870E-FBBA826D0161}
		{4746F723-EE77-4434-983C-02D1DD1BD982} = {FFE107C6-9B1F-4F61-870E-FBBA826D0161}
		{CB00B556-E597-4C9B-AF9B-D9C98A378A48} = {FFE107C6-9B1F-4F61-870E-FBBA826D0161}
	EndGlobalSection
EndGlobal
